
Microsoft Visual Studio Solution File, Format Version 12.00
# Visual Studio 15
VisualStudioVersion = 15.0.27703.2018
MinimumVisualStudioVersion = 10.0.40219.1
Project("{9A19103F-16F7-4668-BE54-9A1E7A4F7556}") = "ExpE.Web", "ExpE.Web\ExpE.Web.csproj", "{210CCFF7-B0E0-475F-BA28-62B2FE44F326}"
EndProject
Project("{9A19103F-16F7-4668-BE54-9A1E7A4F7556}") = "ExpE.UnitTests", "ExpE.UnitTests\ExpE.UnitTests.csproj", "{A8A36B3D-9E41-4083-9370-4179690E72F6}"
EndProject
Project("{9A19103F-16F7-4668-BE54-9A1E7A4F7556}") = "ExpE.Domain", "ExpE.Domain\ExpE.Domain.csproj", "{1DE77B80-4D5B-43F7-891B-2F5BCF197A34}"
EndProject
Project("{9A19103F-16F7-4668-BE54-9A1E7A4F7556}") = "ExpE.Repository", "ExpE.Repository\ExpE.Repository.csproj", "{992471CA-941A-4627-8A8F-3CB8F7CA05F9}"
EndProject
Project("{FAE04EC0-301F-11D3-BF4B-00C04F79EFBC}") = "ExpE.Core", "ExpE.Core\ExpE.Core.csproj", "{14A29D21-18C7-4A3C-BAC0-30271EB3BC36}"
EndProject
Global
	GlobalSection(SolutionConfigurationPlatforms) = preSolution
		Debug|Any CPU = Debug|Any CPU
		Release|Any CPU = Release|Any CPU
	EndGlobalSection
	GlobalSection(ProjectConfigurationPlatforms) = postSolution
		{210CCFF7-B0E0-475F-BA28-62B2FE44F326}.Debug|Any CPU.ActiveCfg = Debug|Any CPU
		{210CCFF7-B0E0-475F-BA28-62B2FE44F326}.Debug|Any CPU.Build.0 = Debug|Any CPU
		{210CCFF7-B0E0-475F-BA28-62B2FE44F326}.Release|Any CPU.ActiveCfg = Release|Any CPU
		{210CCFF7-B0E0-475F-BA28-62B2FE44F326}.Release|Any CPU.Build.0 = Release|Any CPU
		{A8A36B3D-9E41-4083-9370-4179690E72F6}.Debug|Any CPU.ActiveCfg = Debug|Any CPU
		{A8A36B3D-9E41-4083-9370-4179690E72F6}.Debug|Any CPU.Build.0 = Debug|Any CPU
		{A8A36B3D-9E41-4083-9370-4179690E72F6}.Release|Any CPU.ActiveCfg = Release|Any CPU
		{A8A36B3D-9E41-4083-9370-4179690E72F6}.Release|Any CPU.Build.0 = Release|Any CPU
		{1DE77B80-4D5B-43F7-891B-2F5BCF197A34}.Debug|Any CPU.ActiveCfg = Debug|Any CPU
		{1DE77B80-4D5B-43F7-891B-2F5BCF197A34}.Debug|Any CPU.Build.0 = Debug|Any CPU
		{1DE77B80-4D5B-43F7-891B-2F5BCF197A34}.Release|Any CPU.ActiveCfg = Release|Any CPU
		{1DE77B80-4D5B-43F7-891B-2F5BCF197A34}.Release|Any CPU.Build.0 = Release|Any CPU
		{992471CA-941A-4627-8A8F-3CB8F7CA05F9}.Debug|Any CPU.ActiveCfg = Debug|Any CPU
		{992471CA-941A-4627-8A8F-3CB8F7CA05F9}.Debug|Any CPU.Build.0 = Debug|Any CPU
		{992471CA-941A-4627-8A8F-3CB8F7CA05F9}.Release|Any CPU.ActiveCfg = Release|Any CPU
		{992471CA-941A-4627-8A8F-3CB8F7CA05F9}.Release|Any CPU.Build.0 = Release|Any CPU
		{14A29D21-18C7-4A3C-BAC0-30271EB3BC36}.Debug|Any CPU.ActiveCfg = Debug|Any CPU
		{14A29D21-18C7-4A3C-BAC0-30271EB3BC36}.Debug|Any CPU.Build.0 = Debug|Any CPU
		{14A29D21-18C7-4A3C-BAC0-30271EB3BC36}.Release|Any CPU.ActiveCfg = Release|Any CPU
		{14A29D21-18C7-4A3C-BAC0-30271EB3BC36}.Release|Any CPU.Build.0 = Release|Any CPU
	EndGlobalSection
	GlobalSection(SolutionProperties) = preSolution
		HideSolutionNode = FALSE
	EndGlobalSection
	GlobalSection(ExtensibilityGlobals) = postSolution
		SolutionGuid = {0549A6EC-5572-4DB2-A5DC-AD7AD9326BC0}
	EndGlobalSection
EndGlobal
